
Microsoft Visual Studio Solution File, Format Version 11.00
# Visual Studio 2010
Project("{FAE04EC0-301F-11D3-BF4B-00C04F79EFBC}") = "cryptoAlg", "cryptoAlg.csproj", "{DBFE4032-9FB4-4675-A8B8-38DC158AB160}"
EndProject
Global
	GlobalSection(SolutionConfigurationPlatforms) = preSolution
		Debug|Any CPU = Debug|Any CPU
		Release|Any CPU = Release|Any CPU
	EndGlobalSection
	GlobalSection(ProjectConfigurationPlatforms) = postSolution
		{DBFE4032-9FB4-4675-A8B8-38DC158AB160}.Debug|Any CPU.ActiveCfg = Debug|Any CPU
		{DBFE4032-9FB4-4675-A8B8-38DC158AB160}.Debug|Any CPU.Build.0 = Debug|Any CPU
		{DBFE4032-9FB4-4675-A8B8-38DC158AB160}.Release|Any CPU.ActiveCfg = Release|Any CPU
		{DBFE4032-9FB4-4675-A8B8-38DC158AB160}.Release|Any CPU.Build.0 = Release|Any CPU
	EndGlobalSection
	GlobalSection(SolutionProperties) = preSolution
		HideSolutionNode = FALSE
	EndGlobalSection
EndGlobal
